
Microsoft Visual Studio Solution File, Format Version 12.00
# Visual Studio Version 16
VisualStudioVersion = 16.0.32929.386
MinimumVisualStudioVersion = 10.0.40219.1
Project("{FAE04EC0-301F-11D3-BF4B-00C04F79EFBC}") = "TravelTripProject", "TravelTripProject\TravelTripProject.csproj", "{277FAC8F-CEAB-4E41-9FE9-BFE6CDEA6D4E}"
EndProject
Global
	GlobalSection(SolutionConfigurationPlatforms) = preSolution
		Debug|Any CPU = Debug|Any CPU
		Release|Any CPU = Release|Any CPU
	EndGlobalSection
	GlobalSection(ProjectConfigurationPlatforms) = postSolution
		{277FAC8F-CEAB-4E41-9FE9-BFE6CDEA6D4E}.Debug|Any CPU.ActiveCfg = Debug|Any CPU
		{277FAC8F-CEAB-4E41-9FE9-BFE6CDEA6D4E}.Debug|Any CPU.Build.0 = Debug|Any CPU
		{277FAC8F-CEAB-4E41-9FE9-BFE6CDEA6D4E}.Release|Any CPU.ActiveCfg = Release|Any CPU
		{277FAC8F-CEAB-4E41-9FE9-BFE6CDEA6D4E}.Release|Any CPU.Build.0 = Release|Any CPU
	EndGlobalSection
	GlobalSection(SolutionProperties) = preSolution
		HideSolutionNode = FALSE
	EndGlobalSection
	GlobalSection(ExtensibilityGlobals) = postSolution
		SolutionGuid = {54AD5D37-87A9-4532-AD1C-BF0A594C03C8}
	EndGlobalSection
EndGlobal
